Microsoft Visual Studio Solution File, Format Version 12.00
# Visual Studio Version 17
VisualStudioVersion = 17.0.31903.59
MinimumVisualStudioVersion = 10.0.40219.1

Project("{2150E333-8FDC-42A3-9474-1A3956D46DE8}") = "Services", "Services", "{B8F7C6B1-9A2D-4E3F-8C5A-1B2C3D4E5F67}"
EndProject

Project("{FAE04EC0-301F-11D3-BF4B-00C04F79EFBC}") = "ReceptionService", "src\Services\ReceptionService\ReceptionService.csproj", "{A1B2C3D4-E5F6-7890-ABCD-EF1234567890}"
EndProject

Project("{FAE04EC0-301F-11D3-BF4B-00C04F79EFBC}") = "HousekeepingService", "src\Services\HousekeepingService\HousekeepingService.csproj", "{B1C2D3E4-F5G6-7890-BCDE-F12345678901}"
EndProject

Project("{FAE04EC0-301F-11D3-BF4B-00C04F79EFBC}") = "RoomService", "src\Services\RoomService\RoomService.csproj", "{C1D2E3F4-G5H6-7890-CDEF-123456789012}"
EndProject

Project("{FAE04EC0-301F-11D3-BF4B-00C04F79EFBC}") = "MaintenanceService", "src\Services\MaintenanceService\MaintenanceService.csproj", "{D1E2F3G4-H5I6-7890-DEF1-234567890123}"
EndProject

Project("{FAE04EC0-301F-11D3-BF4B-00C04F79EFBC}") = "FrontendService", "src\Services\FrontendService\FrontendService.csproj", "{E1F2G3H4-I5J6-7890-EF12-345678901234}"
EndProject

Project("{FAE04EC0-301F-11D3-BF4B-00C04F79EFBC}") = "DashboardService", "src\Services\DashboardService\DashboardService.csproj", "{F1G2H3I4-J5K6-7890-F123-456789012345}"
EndProject

Project("{2150E333-8FDC-42A3-9474-1A3956D46DE8}") = "Shared", "Shared", "{12345678-9ABC-DEF0-1234-56789ABCDEF0}"
EndProject

Project("{FAE04EC0-301F-11D3-BF4B-00C04F79EFBC}") = "HotelOS.Shared", "src\Shared\HotelOS.Shared.csproj", "{23456789-ABCD-EF01-2345-6789ABCDEF01}"
EndProject

Project("{2150E333-8FDC-42A3-9474-1A3956D46DE8}") = "Frontend", "Frontend", "{3456789A-BCDE-F012-3456-789ABCDEF012}"
EndProject

Global
	GlobalSection(SolutionConfigurationPlatforms) = preSolution
		Debug|Any CPU = Debug|Any CPU
		Release|Any CPU = Release|Any CPU
	EndGlobalSection
	GlobalSection(ProjectConfigurationPlatforms) = postSolution
		{A1B2C3D4-E5F6-7890-ABCD-EF1234567890}.Debug|Any CPU.ActiveCfg = Debug|Any CPU
		{A1B2C3D4-E5F6-7890-ABCD-EF1234567890}.Debug|Any CPU.Build.0 = Debug|Any CPU
		{A1B2C3D4-E5F6-7890-ABCD-EF1234567890}.Release|Any CPU.ActiveCfg = Release|Any CPU
		{A1B2C3D4-E5F6-7890-ABCD-EF1234567890}.Release|Any CPU.Build.0 = Release|Any CPU
		{B1C2D3E4-F5G6-7890-BCDE-F12345678901}.Debug|Any CPU.ActiveCfg = Debug|Any CPU
		{B1C2D3E4-F5G6-7890-BCDE-F12345678901}.Debug|Any CPU.Build.0 = Debug|Any CPU
		{B1C2D3E4-F5G6-7890-BCDE-F12345678901}.Release|Any CPU.ActiveCfg = Release|Any CPU
		{B1C2D3E4-F5G6-7890-BCDE-F12345678901}.Release|Any CPU.Build.0 = Release|Any CPU
		{C1D2E3F4-G5H6-7890-CDEF-123456789012}.Debug|Any CPU.ActiveCfg = Debug|Any CPU
		{C1D2E3F4-G5H6-7890-CDEF-123456789012}.Debug|Any CPU.Build.0 = Debug|Any CPU
		{C1D2E3F4-G5H6-7890-CDEF-123456789012}.Release|Any CPU.ActiveCfg = Release|Any CPU
		{C1D2E3F4-G5H6-7890-CDEF-123456789012}.Release|Any CPU.Build.0 = Release|Any CPU
		{D1E2F3G4-H5I6-7890-DEF1-234567890123}.Debug|Any CPU.ActiveCfg = Debug|Any CPU
		{D1E2F3G4-H5I6-7890-DEF1-234567890123}.Debug|Any CPU.Build.0 = Debug|Any CPU
		{D1E2F3G4-H5I6-7890-DEF1-234567890123}.Release|Any CPU.ActiveCfg = Release|Any CPU
		{D1E2F3G4-H5I6-7890-DEF1-234567890123}.Release|Any CPU.Build.0 = Release|Any CPU
		{E1F2G3H4-I5J6-7890-EF12-345678901234}.Debug|Any CPU.ActiveCfg = Debug|Any CPU
		{E1F2G3H4-I5J6-7890-EF12-345678901234}.Debug|Any CPU.Build.0 = Debug|Any CPU
		{E1F2G3H4-I5J6-7890-EF12-345678901234}.Release|Any CPU.ActiveCfg = Release|Any CPU
		{E1F2G3H4-I5J6-7890-EF12-345678901234}.Release|Any CPU.Build.0 = Release|Any CPU
		{F1G2H3I4-J5K6-7890-F123-456789012345}.Debug|Any CPU.ActiveCfg = Debug|Any CPU
		{F1G2H3I4-J5K6-7890-F123-456789012345}.Debug|Any CPU.Build.0 = Debug|Any CPU
		{F1G2H3I4-J5K6-7890-F123-456789012345}.Release|Any CPU.ActiveCfg = Release|Any CPU
		{F1G2H3I4-J5K6-7890-F123-456789012345}.Release|Any CPU.Build.0 = Release|Any CPU
		{23456789-ABCD-EF01-2345-6789ABCDEF01}.Debug|Any CPU.ActiveCfg = Debug|Any CPU
		{23456789-ABCD-EF01-2345-6789ABCDEF01}.Debug|Any CPU.Build.0 = Debug|Any CPU
		{23456789-ABCD-EF01-2345-6789ABCDEF01}.Release|Any CPU.ActiveCfg = Release|Any CPU
		{23456789-ABCD-EF01-2345-6789ABCDEF01}.Release|Any CPU.Build.0 = Release|Any CPU
	EndGlobalSection
	GlobalSection(NestedProjects) = preSolution
		{A1B2C3D4-E5F6-7890-ABCD-EF1234567890} = {B8F7C6B1-9A2D-4E3F-8C5A-1B2C3D4E5F67}
		{B1C2D3E4-F5G6-7890-BCDE-F12345678901} = {B8F7C6B1-9A2D-4E3F-8C5A-1B2C3D4E5F67}
		{C1D2E3F4-G5H6-7890-CDEF-123456789012} = {B8F7C6B1-9A2D-4E3F-8C5A-1B2C3D4E5F67}
		{D1E2F3G4-H5I6-7890-DEF1-234567890123} = {B8F7C6B1-9A2D-4E3F-8C5A-1B2C3D4E5F67}
		{E1F2G3H4-I5J6-7890-EF12-345678901234} = {B8F7C6B1-9A2D-4E3F-8C5A-1B2C3D4E5F67}
		{F1G2H3I4-J5K6-7890-F123-456789012345} = {B8F7C6B1-9A2D-4E3F-8C5A-1B2C3D4E5F67}
		{23456789-ABCD-EF01-2345-6789ABCDEF01} = {12345678-9ABC-DEF0-1234-56789ABCDEF0}
	EndGlobalSection
EndGlobal